{
    "name": "lab-ajax-crud-characters",
    "version": "1.0.0",
    "lockfileVersion": 2,
    "requires": true,
    "comments": [
        {
            "body": "some comment",
            "id": 1,
            "postId": 1
        }
    ],
    "posts": [
        {
            "author": "typicode",
            "id": 1,
            "title": "json-server"
        }
    ],
    "packages": {
        "": {
            "name": "lab-ajax-crud-characters",
            "version": "1.0.0",
            "license": "ISC"
        }
    },
    "profile": {
        "name": "typicode"
    }
}
